
Microsoft Visual Studio Solution File, Format Version 12.00
# Visual Studio Version 17
VisualStudioVersion = 17.10.35027.167
MinimumVisualStudioVersion = 10.0.40219.1
Project("{FAE04EC0-301F-11D3-BF4B-00C04F79EFBC}") = "SeleniumTests", "SeleniumTests\SeleniumTests.csproj", "{4331DD26-4C58-44EC-8929-1890D3767590}"
EndProject
Global
	GlobalSection(SolutionConfigurationPlatforms) = preSolution
		Debug|Any CPU = Debug|Any CPU
		Release|Any CPU = Release|Any CPU
	EndGlobalSection
	GlobalSection(ProjectConfigurationPlatforms) = postSolution
		{4331DD26-4C58-44EC-8929-1890D3767590}.Debug|Any CPU.ActiveCfg = Debug|Any CPU
		{4331DD26-4C58-44EC-8929-1890D3767590}.Debug|Any CPU.Build.0 = Debug|Any CPU
		{4331DD26-4C58-44EC-8929-1890D3767590}.Release|Any CPU.ActiveCfg = Release|Any CPU
		{4331DD26-4C58-44EC-8929-1890D3767590}.Release|Any CPU.Build.0 = Release|Any CPU
	EndGlobalSection
	GlobalSection(SolutionProperties) = preSolution
		HideSolutionNode = FALSE
	EndGlobalSection
	GlobalSection(ExtensibilityGlobals) = postSolution
		SolutionGuid = {8A4324DB-C5A2-4B69-893F-20CB55464668}
	EndGlobalSection
EndGlobal
