
Microsoft Visual Studio Solution File, Format Version 12.00
# Visual Studio Version 17
VisualStudioVersion = 17.10.35027.167
MinimumVisualStudioVersion = 10.0.40219.1
Project("{FAE04EC0-301F-11D3-BF4B-00C04F79EFBC}") = "WebAPIRabbitMQPublisher", "WebAPIRabbitMQPublisher\WebAPIRabbitMQPublisher.csproj", "{4F647019-082B-452C-AA95-CF0E94EE19E7}"
EndProject
Project("{FAE04EC0-301F-11D3-BF4B-00C04F79EFBC}") = "RabbitMQConsumer", "RabbitMQConsumer\RabbitMQConsumer.csproj", "{7D9E0A6B-A302-4FF3-A4B9-C008E0E09B30}"
EndProject
Global
	GlobalSection(SolutionConfigurationPlatforms) = preSolution
		Debug|Any CPU = Debug|Any CPU
		Release|Any CPU = Release|Any CPU
	EndGlobalSection
	GlobalSection(ProjectConfigurationPlatforms) = postSolution
		{4F647019-082B-452C-AA95-CF0E94EE19E7}.Debug|Any CPU.ActiveCfg = Debug|Any CPU
		{4F647019-082B-452C-AA95-CF0E94EE19E7}.Debug|Any CPU.Build.0 = Debug|Any CPU
		{4F647019-082B-452C-AA95-CF0E94EE19E7}.Release|Any CPU.ActiveCfg = Release|Any CPU
		{4F647019-082B-452C-AA95-CF0E94EE19E7}.Release|Any CPU.Build.0 = Release|Any CPU
		{7D9E0A6B-A302-4FF3-A4B9-C008E0E09B30}.Debug|Any CPU.ActiveCfg = Debug|Any CPU
		{7D9E0A6B-A302-4FF3-A4B9-C008E0E09B30}.Debug|Any CPU.Build.0 = Debug|Any CPU
		{7D9E0A6B-A302-4FF3-A4B9-C008E0E09B30}.Release|Any CPU.ActiveCfg = Release|Any CPU
		{7D9E0A6B-A302-4FF3-A4B9-C008E0E09B30}.Release|Any CPU.Build.0 = Release|Any CPU
	EndGlobalSection
	GlobalSection(SolutionProperties) = preSolution
		HideSolutionNode = FALSE
	EndGlobalSection
	GlobalSection(ExtensibilityGlobals) = postSolution
		SolutionGuid = {2B133CCB-C373-4DF5-B1B4-23292B8223F3}
	EndGlobalSection
EndGlobal
